// !$*UTF8*$!
{
	archiveVersion = 1;
	classes = {
	};
	objectVersion = 56;
	objects = {

/* Begin PBXBuildFile section */
		43F5FE612B81F7D400262290 /* MoexCalculatorApp.swift in Sources */ = {isa = PBXBuildFile; fileRef = 43F5FE602B81F7D400262290 /* MoexCalculatorApp.swift */; };
		43F5FE632B81F7D400262290 /* ContentView.swift in Sources */ = {isa = PBXBuildFile; fileRef = 43F5FE622B81F7D400262290 /* ContentView.swift */; };
		43F5FE652B81F7D500262290 /* Assets.xcassets in Resources */ = {isa = PBXBuildFile; fileRef = 43F5FE642B81F7D500262290 /* Assets.xcassets */; };
		43F5FE682B81F7D500262290 /* Preview Assets.xcassets in Resources */ = {isa = PBXBuildFile; fileRef = 43F5FE672B81F7D500262290 /* Preview Assets.xcassets */; };
		43F5FE7D2B889DA400262290 /* Currency.swift in Sources */ = {isa = PBXBuildFile; fileRef = 43F5FE7C2B889DA400262290 /* Currency.swift */; };
		43F5FE7F2B88A02600262290 /* CalculatorModel.swift in Sources */ = {isa = PBXBuildFile; fileRef = 43F5FE7E2B88A02600262290 /* CalculatorModel.swift */; };
		43F5FE812B89FA4B00262290 /* CurrencyAmount.swift in Sources */ = {isa = PBXBuildFile; fileRef = 43F5FE802B89FA4B00262290 /* CurrencyAmount.swift */; };
		43F5FE832B8A005200262290 /* CalculatorViewModel.swift in Sources */ = {isa = PBXBuildFile; fileRef = 43F5FE822B8A005200262290 /* CalculatorViewModel.swift */; };
		43F5FE852B8A05CF00262290 /* CalculatorView.swift in Sources */ = {isa = PBXBuildFile; fileRef = 43F5FE842B8A05CF00262290 /* CalculatorView.swift */; };
		43F5FE882B8A38C200262290 /* CurrencyInputVIew.swift in Sources */ = {isa = PBXBuildFile; fileRef = 43F5FE872B8A38C200262290 /* CurrencyInputVIew.swift */; };
		43F5FE8B2B8A6F1600262290 /* CurrencyPickerVIew.swift in Sources */ = {isa = PBXBuildFile; fileRef = 43F5FE8A2B8A6F1600262290 /* CurrencyPickerVIew.swift */; };
/* End PBXBuildFile section */

/* Begin PBXFileReference section */
		43F5FE5D2B81F7D400262290 /* MoexCalculator.app */ = {isa = PBXFileReference; explicitFileType = wrapper.application; includeInIndex = 0; path = MoexCalculator.app; sourceTree = BUILT_PRODUCTS_DIR; };
		43F5FE602B81F7D400262290 /* MoexCalculatorApp.swift */ = {isa = PBXFileReference; lastKnownFileType = sourcecode.swift; path = MoexCalculatorApp.swift; sourceTree = "<group>"; };
		43F5FE622B81F7D400262290 /* ContentView.swift */ = {isa = PBXFileReference; lastKnownFileType = sourcecode.swift; path = ContentView.swift; sourceTree = "<group>"; };
		43F5FE642B81F7D500262290 /* Assets.xcassets */ = {isa = PBXFileReference; lastKnownFileType = folder.assetcatalog; path = Assets.xcassets; sourceTree = "<group>"; };
		43F5FE672B81F7D500262290 /* Preview Assets.xcassets */ = {isa = PBXFileReference; lastKnownFileType = folder.assetcatalog; path = "Preview Assets.xcassets"; sourceTree = "<group>"; };
		43F5FE7C2B889DA400262290 /* Currency.swift */ = {isa = PBXFileReference; lastKnownFileType = sourcecode.swift; path = Currency.swift; sourceTree = "<group>"; };
		43F5FE7E2B88A02600262290 /* CalculatorModel.swift */ = {isa = PBXFileReference; lastKnownFileType = sourcecode.swift; path = CalculatorModel.swift; sourceTree = "<group>"; };
		43F5FE802B89FA4B00262290 /* CurrencyAmount.swift */ = {isa = PBXFileReference; lastKnownFileType = sourcecode.swift; path = CurrencyAmount.swift; sourceTree = "<group>"; };
		43F5FE822B8A005200262290 /* CalculatorViewModel.swift */ = {isa = PBXFileReference; lastKnownFileType = sourcecode.swift; path = CalculatorViewModel.swift; sourceTree = "<group>"; };
		43F5FE842B8A05CF00262290 /* CalculatorView.swift */ = {isa = PBXFileReference; lastKnownFileType = sourcecode.swift; path = CalculatorView.swift; sourceTree = "<group>"; };
		43F5FE872B8A38C200262290 /* CurrencyInputVIew.swift */ = {isa = PBXFileReference; lastKnownFileType = sourcecode.swift; path = CurrencyInputVIew.swift; sourceTree = "<group>"; };
		43F5FE8A2B8A6F1600262290 /* CurrencyPickerVIew.swift */ = {isa = PBXFileReference; lastKnownFileType = sourcecode.swift; path = CurrencyPickerVIew.swift; sourceTree = "<group>"; };
/* End PBXFileReference section */

/* Begin PBXFrameworksBuildPhase section */
		43F5FE5A2B81F7D400262290 /* Frameworks */ = {
			isa = PBXFrameworksBuildPhase;
			buildActionMask = 2147483647;
			files = (
			);
			runOnlyForDeploymentPostprocessing = 0;
		};
/* End PBXFrameworksBuildPhase section */

/* Begin PBXGroup section */
		43F5FE542B81F7D400262290 = {
			isa = PBXGroup;
			children = (
				43F5FE5F2B81F7D400262290 /* MoexCalculator */,
				43F5FE5E2B81F7D400262290 /* Products */,
			);
			sourceTree = "<group>";
		};
		43F5FE5E2B81F7D400262290 /* Products */ = {
			isa = PBXGroup;
			children = (
				43F5FE5D2B81F7D400262290 /* MoexCalculator.app */,
			);
			name = Products;
			sourceTree = "<group>";
		};
		43F5FE5F2B81F7D400262290 /* MoexCalculator */ = {
			isa = PBXGroup;
			children = (
				43F5FE862B8A062A00262290 /* CalculatorScreen */,
				43F5FE602B81F7D400262290 /* MoexCalculatorApp.swift */,
				43F5FE622B81F7D400262290 /* ContentView.swift */,
				43F5FE642B81F7D500262290 /* Assets.xcassets */,
				43F5FE662B81F7D500262290 /* Preview Content */,
			);
			path = MoexCalculator;
			sourceTree = "<group>";
		};
		43F5FE662B81F7D500262290 /* Preview Content */ = {
			isa = PBXGroup;
			children = (
				43F5FE672B81F7D500262290 /* Preview Assets.xcassets */,
			);
			path = "Preview Content";
			sourceTree = "<group>";
		};
		43F5FE7B2B889D8B00262290 /* Models */ = {
			isa = PBXGroup;
			children = (
				43F5FE7C2B889DA400262290 /* Currency.swift */,
				43F5FE7E2B88A02600262290 /* CalculatorModel.swift */,
				43F5FE802B89FA4B00262290 /* CurrencyAmount.swift */,
			);
			path = Models;
			sourceTree = "<group>";
		};
		43F5FE862B8A062A00262290 /* CalculatorScreen */ = {
			isa = PBXGroup;
			children = (
				43F5FE892B8A38D000262290 /* Views */,
				43F5FE7B2B889D8B00262290 /* Models */,
				43F5FE822B8A005200262290 /* CalculatorViewModel.swift */,
				43F5FE842B8A05CF00262290 /* CalculatorView.swift */,
			);
			path = CalculatorScreen;
			sourceTree = "<group>";
		};
		43F5FE892B8A38D000262290 /* Views */ = {
			isa = PBXGroup;
			children = (
				43F5FE872B8A38C200262290 /* CurrencyInputVIew.swift */,
				43F5FE8A2B8A6F1600262290 /* CurrencyPickerVIew.swift */,
			);
			path = Views;
			sourceTree = "<group>";
		};
/* End PBXGroup section */

/* Begin PBXNativeTarget section */
		43F5FE5C2B81F7D400262290 /* MoexCalculator */ = {
			isa = PBXNativeTarget;
			buildConfigurationList = 43F5FE6B2B81F7D500262290 /* Build configuration list for PBXNativeTarget "MoexCalculator" */;
			buildPhases = (
				43F5FE592B81F7D400262290 /* Sources */,
				43F5FE5A2B81F7D400262290 /* Frameworks */,
				43F5FE5B2B81F7D400262290 /* Resources */,
			);
			buildRules = (
			);
			dependencies = (
			);
			name = MoexCalculator;
			productName = MoexCalculator;
			productReference = 43F5FE5D2B81F7D400262290 /* MoexCalculator.app */;
			productType = "com.apple.product-type.application";
		};
/* End PBXNativeTarget section */

/* Begin PBXProject section */
		43F5FE552B81F7D400262290 /* Project object */ = {
			isa = PBXProject;
			attributes = {
				BuildIndependentTargetsInParallel = 1;
				LastSwiftUpdateCheck = 1500;
				LastUpgradeCheck = 1500;
				TargetAttributes = {
					43F5FE5C2B81F7D400262290 = {
						CreatedOnToolsVersion = 15.0;
					};
				};
			};
			buildConfigurationList = 43F5FE582B81F7D400262290 /* Build configuration list for PBXProject "MoexCalculator" */;
			compatibilityVersion = "Xcode 14.0";
			developmentRegion = en;
			hasScannedForEncodings = 0;
			knownRegions = (
				en,
				Base,
			);
			mainGroup = 43F5FE542B81F7D400262290;
			productRefGroup = 43F5FE5E2B81F7D400262290 /* Products */;
			projectDirPath = "";
			projectRoot = "";
			targets = (
				43F5FE5C2B81F7D400262290 /* MoexCalculator */,
			);
		};
/* End PBXProject section */

/* Begin PBXResourcesBuildPhase section */
		43F5FE5B2B81F7D400262290 /* Resources */ = {
			isa = PBXResourcesBuildPhase;
			buildActionMask = 2147483647;
			files = (
				43F5FE682B81F7D500262290 /* Preview Assets.xcassets in Resources */,
				43F5FE652B81F7D500262290 /* Assets.xcassets in Resources */,
			);
			runOnlyForDeploymentPostprocessing = 0;
		};
/* End PBXResourcesBuildPhase section */

/* Begin PBXSourcesBuildPhase section */
		43F5FE592B81F7D400262290 /* Sources */ = {
			isa = PBXSourcesBuildPhase;
			buildActionMask = 2147483647;
			files = (
				43F5FE7D2B889DA400262290 /* Currency.swift in Sources */,
				43F5FE882B8A38C200262290 /* CurrencyInputVIew.swift in Sources */,
				43F5FE852B8A05CF00262290 /* CalculatorView.swift in Sources */,
				43F5FE812B89FA4B00262290 /* CurrencyAmount.swift in Sources */,
				43F5FE632B81F7D400262290 /* ContentView.swift in Sources */,
				43F5FE612B81F7D400262290 /* MoexCalculatorApp.swift in Sources */,
				43F5FE8B2B8A6F1600262290 /* CurrencyPickerVIew.swift in Sources */,
				43F5FE832B8A005200262290 /* CalculatorViewModel.swift in Sources */,
				43F5FE7F2B88A02600262290 /* CalculatorModel.swift in Sources */,
			);
			runOnlyForDeploymentPostprocessing = 0;
		};
/* End PBXSourcesBuildPhase section */

/* Begin XCBuildConfiguration section */
		43F5FE692B81F7D500262290 /* Debug */ = {
			isa = XCBuildConfiguration;
			buildSettings = {
				ALWAYS_SEARCH_USER_PATHS = NO;
				ASSETCATALOG_COMPILER_GENERATE_SWIFT_ASSET_SYMBOL_EXTENSIONS = YES;
				CLANG_ANALYZER_NONNULL = YES;
				CLANG_ANALYZER_NUMBER_OBJECT_CONVERSION = YES_AGGRESSIVE;
				CLANG_CXX_LANGUAGE_STANDARD = "gnu++20";
				CLANG_ENABLE_MODULES = YES;
				CLANG_ENABLE_OBJC_ARC = YES;
				CLANG_ENABLE_OBJC_WEAK = YES;
				CLANG_WARN_BLOCK_CAPTURE_AUTORELEASING = YES;
				CLANG_WARN_BOOL_CONVERSION = YES;
				CLANG_WARN_COMMA = YES;
				CLANG_WARN_CONSTANT_CONVERSION = YES;
				CLANG_WARN_DEPRECATED_OBJC_IMPLEMENTATIONS = YES;
				CLANG_WARN_DIRECT_OBJC_ISA_USAGE = YES_ERROR;
				CLANG_WARN_DOCUMENTATION_COMMENTS = YES;
				CLANG_WARN_EMPTY_BODY = YES;
				CLANG_WARN_ENUM_CONVERSION = YES;
				CLANG_WARN_INFINITE_RECURSION = YES;
				CLANG_WARN_INT_CONVERSION = YES;
				CLANG_WARN_NON_LITERAL_NULL_CONVERSION = YES;
				CLANG_WARN_OBJC_IMPLICIT_RETAIN_SELF = YES;
				CLANG_WARN_OBJC_LITERAL_CONVERSION = YES;
				CLANG_WARN_OBJC_ROOT_CLASS = YES_ERROR;
				CLANG_WARN_QUOTED_INCLUDE_IN_FRAMEWORK_HEADER = YES;
				CLANG_WARN_RANGE_LOOP_ANALYSIS = YES;
				CLANG_WARN_STRICT_PROTOTYPES = YES;
				CLANG_WARN_SUSPICIOUS_MOVE = YES;
				CLANG_WARN_UNGUARDED_AVAILABILITY = YES_AGGRESSIVE;
				CLANG_WARN_UNREACHABLE_CODE = YES;
				CLANG_WARN__DUPLICATE_METHOD_MATCH = YES;
				COPY_PHASE_STRIP = NO;
				DEBUG_INFORMATION_FORMAT = dwarf;
				ENABLE_STRICT_OBJC_MSGSEND = YES;
				ENABLE_TESTABILITY = YES;
				ENABLE_USER_SCRIPT_SANDBOXING = YES;
				GCC_C_LANGUAGE_STANDARD = gnu17;
				GCC_DYNAMIC_NO_PIC = NO;
				GCC_NO_COMMON_BLOCKS = YES;
				GCC_OPTIMIZATION_LEVEL = 0;
				GCC_PREPROCESSOR_DEFINITIONS = (
					"DEBUG=1",
					"$(inherited)",
				);
				GCC_WARN_64_TO_32_BIT_CONVERSION = YES;
				GCC_WARN_ABOUT_RETURN_TYPE = YES_ERROR;
				GCC_WARN_UNDECLARED_SELECTOR = YES;
				GCC_WARN_UNINITIALIZED_AUTOS = YES_AGGRESSIVE;
				GCC_WARN_UNUSED_FUNCTION = YES;
				GCC_WARN_UNUSED_VARIABLE = YES;
				IPHONEOS_DEPLOYMENT_TARGET = 17.0;
				LOCALIZATION_PREFERS_STRING_CATALOGS = YES;
				MTL_ENABLE_DEBUG_INFO = INCLUDE_SOURCE;
				MTL_FAST_MATH = YES;
				ONLY_ACTIVE_ARCH = YES;
				SDKROOT = iphoneos;
				SWIFT_ACTIVE_COMPILATION_CONDITIONS = "DEBUG $(inherited)";
				SWIFT_OPTIMIZATION_LEVEL = "-Onone";
			};
			name = Debug;
		};
		43F5FE6A2B81F7D500262290 /* Release */ = {
			isa = XCBuildConfiguration;
			buildSettings = {
				ALWAYS_SEARCH_USER_PATHS = NO;
				ASSETCATALOG_COMPILER_GENERATE_SWIFT_ASSET_SYMBOL_EXTENSIONS = YES;
				CLANG_ANALYZER_NONNULL = YES;
				CLANG_ANALYZER_NUMBER_OBJECT_CONVERSION = YES_AGGRESSIVE;
				CLANG_CXX_LANGUAGE_STANDARD = "gnu++20";
				CLANG_ENABLE_MODULES = YES;
				CLANG_ENABLE_OBJC_ARC = YES;
				CLANG_ENABLE_OBJC_WEAK = YES;
				CLANG_WARN_BLOCK_CAPTURE_AUTORELEASING = YES;
				CLANG_WARN_BOOL_CONVERSION = YES;
				CLANG_WARN_COMMA = YES;
				CLANG_WARN_CONSTANT_CONVERSION = YES;
				CLANG_WARN_DEPRECATED_OBJC_IMPLEMENTATIONS = YES;
				CLANG_WARN_DIRECT_OBJC_ISA_USAGE = YES_ERROR;
				CLANG_WARN_DOCUMENTATION_COMMENTS = YES;
				CLANG_WARN_EMPTY_BODY = YES;
				CLANG_WARN_ENUM_CONVERSION = YES;
				CLANG_WARN_INFINITE_RECURSION = YES;
				CLANG_WARN_INT_CONVERSION = YES;
				CLANG_WARN_NON_LITERAL_NULL_CONVERSION = YES;
				CLANG_WARN_OBJC_IMPLICIT_RETAIN_SELF = YES;
				CLANG_WARN_OBJC_LITERAL_CONVERSION = YES;
				CLANG_WARN_OBJC_ROOT_CLASS = YES_ERROR;
				CLANG_WARN_QUOTED_INCLUDE_IN_FRAMEWORK_HEADER = YES;
				CLANG_WARN_RANGE_LOOP_ANALYSIS = YES;
				CLANG_WARN_STRICT_PROTOTYPES = YES;
				CLANG_WARN_SUSPICIOUS_MOVE = YES;
				CLANG_WARN_UNGUARDED_AVAILABILITY = YES_AGGRESSIVE;
				CLANG_WARN_UNREACHABLE_CODE = YES;
				CLANG_WARN__DUPLICATE_METHOD_MATCH = YES;
				COPY_PHASE_STRIP = NO;
				DEBUG_INFORMATION_FORMAT = "dwarf-with-dsym";
				ENABLE_NS_ASSERTIONS = NO;
				ENABLE_STRICT_OBJC_MSGSEND = YES;
				ENABLE_USER_SCRIPT_SANDBOXING = YES;
				GCC_C_LANGUAGE_STANDARD = gnu17;
				GCC_NO_COMMON_BLOCKS = YES;
				GCC_WARN_64_TO_32_BIT_CONVERSION = YES;
				GCC_WARN_ABOUT_RETURN_TYPE = YES_ERROR;
				GCC_WARN_UNDECLARED_SELECTOR = YES;
				GCC_WARN_UNINITIALIZED_AUTOS = YES_AGGRESSIVE;
				GCC_WARN_UNUSED_FUNCTION = YES;
				GCC_WARN_UNUSED_VARIABLE = YES;
				IPHONEOS_DEPLOYMENT_TARGET = 17.0;
				LOCALIZATION_PREFERS_STRING_CATALOGS = YES;
				MTL_ENABLE_DEBUG_INFO = NO;
				MTL_FAST_MATH = YES;
				SDKROOT = iphoneos;
				SWIFT_COMPILATION_MODE = wholemodule;
				VALIDATE_PRODUCT = YES;
			};
			name = Release;
		};
		43F5FE6C2B81F7D500262290 /* Debug */ = {
			isa = XCBuildConfiguration;
			buildSettings = {
				ASSETCATALOG_COMPILER_APPICON_NAME = AppIcon;
				ASSETCATALOG_COMPILER_GLOBAL_ACCENT_COLOR_NAME = AccentColor;
				CODE_SIGN_STYLE = Automatic;
				CURRENT_PROJECT_VERSION = 1;
				DEVELOPMENT_ASSET_PATHS = "\"MoexCalculator/Preview Content\"";
				DEVELOPMENT_TEAM = 5VBQ98K5MQ;
				ENABLE_PREVIEWS = YES;
				GENERATE_INFOPLIST_FILE = YES;
				INFOPLIST_KEY_UIApplicationSceneManifest_Generation = YES;
				INFOPLIST_KEY_UIApplicationSupportsIndirectInputEvents = YES;
				INFOPLIST_KEY_UILaunchScreen_Generation = YES;
				INFOPLIST_KEY_UISupportedInterfaceOrientations_iPad = "UIInterfaceOrientationPortrait UIInterfaceOrientationPortraitUpsideDown UIInterfaceOrientationLandscapeLeft UIInterfaceOrientationLandscapeRight";
				INFOPLIST_KEY_UISupportedInterfaceOrientations_iPhone = "UIInterfaceOrientationPortrait UIInterfaceOrientationLandscapeLeft UIInterfaceOrientationLandscapeRight";
				LD_RUNPATH_SEARCH_PATHS = (
					"$(inherited)",
					"@executable_path/Frameworks",
				);
				MARKETING_VERSION = 1.0;
				PRODUCT_BUNDLE_IDENTIFIER = K2.MoexCalculator;
				PRODUCT_NAME = "$(TARGET_NAME)";
				SWIFT_EMIT_LOC_STRINGS = YES;
				SWIFT_VERSION = 5.0;
				TARGETED_DEVICE_FAMILY = "1,2";
			};
			name = Debug;
		};
		43F5FE6D2B81F7D500262290 /* Release */ = {
			isa = XCBuildConfiguration;
			buildSettings = {
				ASSETCATALOG_COMPILER_APPICON_NAME = AppIcon;
				ASSETCATALOG_COMPILER_GLOBAL_ACCENT_COLOR_NAME = AccentColor;
				CODE_SIGN_STYLE = Automatic;
				CURRENT_PROJECT_VERSION = 1;
				DEVELOPMENT_ASSET_PATHS = "\"MoexCalculator/Preview Content\"";
				DEVELOPMENT_TEAM = 5VBQ98K5MQ;
				ENABLE_PREVIEWS = YES;
				GENERATE_INFOPLIST_FILE = YES;
				INFOPLIST_KEY_UIApplicationSceneManifest_Generation = YES;
				INFOPLIST_KEY_UIApplicationSupportsIndirectInputEvents = YES;
				INFOPLIST_KEY_UILaunchScreen_Generation = YES;
				INFOPLIST_KEY_UISupportedInterfaceOrientations_iPad = "UIInterfaceOrientationPortrait UIInterfaceOrientationPortraitUpsideDown UIInterfaceOrientationLandscapeLeft UIInterfaceOrientationLandscapeRight";
				INFOPLIST_KEY_UISupportedInterfaceOrientations_iPhone = "UIInterfaceOrientationPortrait UIInterfaceOrientationLandscapeLeft UIInterfaceOrientationLandscapeRight";
				LD_RUNPATH_SEARCH_PATHS = (
					"$(inherited)",
					"@executable_path/Frameworks",
				);
				MARKETING_VERSION = 1.0;
				PRODUCT_BUNDLE_IDENTIFIER = K2.MoexCalculator;
				PRODUCT_NAME = "$(TARGET_NAME)";
				SWIFT_EMIT_LOC_STRINGS = YES;
				SWIFT_VERSION = 5.0;
				TARGETED_DEVICE_FAMILY = "1,2";
			};
			name = Release;
		};
/* End XCBuildConfiguration section */

/* Begin XCConfigurationList section */
		43F5FE582B81F7D400262290 /* Build configuration list for PBXProject "MoexCalculator" */ = {
			isa = XCConfigurationList;
			buildConfigurations = (
				43F5FE692B81F7D500262290 /* Debug */,
				43F5FE6A2B81F7D500262290 /* Release */,
			);
			defaultConfigurationIsVisible = 0;
			defaultConfigurationName = Release;
		};
		43F5FE6B2B81F7D500262290 /* Build configuration list for PBXNativeTarget "MoexCalculator" */ = {
			isa = XCConfigurationList;
			buildConfigurations = (
				43F5FE6C2B81F7D500262290 /* Debug */,
				43F5FE6D2B81F7D500262290 /* Release */,
			);
			defaultConfigurationIsVisible = 0;
			defaultConfigurationName = Release;
		};
/* End XCConfigurationList section */
	};
	rootObject = 43F5FE552B81F7D400262290 /* Project object */;
}
